
Microsoft Visual Studio Solution File, Format Version 12.00
# Visual Studio Version 16
VisualStudioVersion = 16.0.29920.165
MinimumVisualStudioVersion = 10.0.40219.1
Project("{00D1A9C2-B5F0-4AF3-8072-F6C62B433612}") = "AscentSQL", "AscentSQL\AscentSQL.sqlproj", "{C3CF2A36-AE43-4E0F-94A0-1E4C26056FB5}"
EndProject
Global
	GlobalSection(SolutionConfigurationPlatforms) = preSolution
		Debug|Any CPU = Debug|Any CPU
		Release|Any CPU = Release|Any CPU
	EndGlobalSection
	GlobalSection(ProjectConfigurationPlatforms) = postSolution
		{C3CF2A36-AE43-4E0F-94A0-1E4C26056FB5}.Debug|Any CPU.ActiveCfg = Debug|Any CPU
		{C3CF2A36-AE43-4E0F-94A0-1E4C26056FB5}.Debug|Any CPU.Build.0 = Debug|Any CPU
		{C3CF2A36-AE43-4E0F-94A0-1E4C26056FB5}.Debug|Any CPU.Deploy.0 = Debug|Any CPU
		{C3CF2A36-AE43-4E0F-94A0-1E4C26056FB5}.Release|Any CPU.ActiveCfg = Release|Any CPU
		{C3CF2A36-AE43-4E0F-94A0-1E4C26056FB5}.Release|Any CPU.Build.0 = Release|Any CPU
		{C3CF2A36-AE43-4E0F-94A0-1E4C26056FB5}.Release|Any CPU.Deploy.0 = Release|Any CPU
	EndGlobalSection
	GlobalSection(SolutionProperties) = preSolution
		HideSolutionNode = FALSE
	EndGlobalSection
	GlobalSection(ExtensibilityGlobals) = postSolution
		SolutionGuid = {F0C59304-F464-4E4A-9FBF-6C407197472F}
	EndGlobalSection
EndGlobal
